
---
module: azure_rm_lock
version_added: "2.9"
short_description: Manage Azure locks
description:
    - Create, delete an Azure lock.
    - To create or delete management locks, you must have access to Microsoft.Authorization/* or Microsoft.Authorization/locks/* actions.
    - Of the built-in roles, only Owner and User Access Administrator are granted those actions.
options:
    name:
        description:
            - Name of the lock.
        type: str
        required: true
    managed_resource_id:
        description:
            - Manage a lock for the specified resource ID.
            - Mutually exclusive with I(resource_group).
            - If neither I(managed_resource_id) or I(resource_group) are specified, manage a lock for the current subscription.
            - "'/subscriptions/{subscriptionId}' for subscriptions."
            - "'/subscriptions/{subscriptionId}/resourcegroups/{resourceGroupName}' for resource groups."
            - "'/subscriptions/{subscriptionId}/resourcegroups/{resourceGroupName}/providers/{namespace}/{resourceType}/{resourceName}' for resources."
        type: str
    resource_group:
        description:
            - Manage a lock for the named resource group.
            - Mutually exclusive with I(managed_resource_id).
            - If neither I(managed_resource_id) or I(resource_group) are specified, manage a lock for the current subscription.
        type: str
    state:
        description:
            - State of the lock.
            - Use C(present) to create or update a lock and C(absent) to delete a lock.
        type: str
        default: present
        choices:
            - absent
            - present
    level:
        description:
            - The lock level type.
        type: str
        choices:
            - can_not_delete
            - read_only
extends_documentation_fragment:
    - azure

author:
    - Yuwei Zhou (@yuwzho)

